
Microsoft Visual Studio Solution File, Format Version 11.00
# Visual Studio 2010
Project("{FAE04EC0-301F-11D3-BF4B-00C04F79EFBC}") = "Cluster MGF 2.0", "Cluster MGF 2.0\Cluster MGF 2.0.csproj", "{39686C0C-4537-4313-98B8-756D8DB08066}"
EndProject
Global
	GlobalSection(SolutionConfigurationPlatforms) = preSolution
		Debug|Any CPU = Debug|Any CPU
		Release|Any CPU = Release|Any CPU
	EndGlobalSection
	GlobalSection(ProjectConfigurationPlatforms) = postSolution
		{39686C0C-4537-4313-98B8-756D8DB08066}.Debug|Any CPU.ActiveCfg = Debug|Any CPU
		{39686C0C-4537-4313-98B8-756D8DB08066}.Debug|Any CPU.Build.0 = Debug|Any CPU
		{39686C0C-4537-4313-98B8-756D8DB08066}.Release|Any CPU.ActiveCfg = Release|Any CPU
		{39686C0C-4537-4313-98B8-756D8DB08066}.Release|Any CPU.Build.0 = Release|Any CPU
	EndGlobalSection
	GlobalSection(SolutionProperties) = preSolution
		HideSolutionNode = FALSE
	EndGlobalSection
EndGlobal
